
Microsoft Visual Studio Solution File, Format Version 10.00
# Visual Studio 2008
Project("{8BC9CEB8-8B4A-11D0-8D11-00A0C91BC942}") = "t01Eyes", "t01Eyes.vcproj", "{892C31A5-F66E-4701-8A5D-4D4523B3712A}"
EndProject
Global
	GlobalSection(SolutionConfigurationPlatforms) = preSolution
		Debug|Win32 = Debug|Win32
		Release|Win32 = Release|Win32
	EndGlobalSection
	GlobalSection(ProjectConfigurationPlatforms) = postSolution
		{892C31A5-F66E-4701-8A5D-4D4523B3712A}.Debug|Win32.ActiveCfg = Debug|Win32
		{892C31A5-F66E-4701-8A5D-4D4523B3712A}.Debug|Win32.Build.0 = Debug|Win32
		{892C31A5-F66E-4701-8A5D-4D4523B3712A}.Release|Win32.ActiveCfg = Release|Win32
		{892C31A5-F66E-4701-8A5D-4D4523B3712A}.Release|Win32.Build.0 = Release|Win32
	EndGlobalSection
	GlobalSection(SolutionProperties) = preSolution
		HideSolutionNode = FALSE
	EndGlobalSection
EndGlobal
